
Microsoft Visual Studio Solution File, Format Version 12.00
# Visual Studio 15
VisualStudioVersion = 15.0.28307.106
MinimumVisualStudioVersion = 10.0.40219.1
Project("{FAE04EC0-301F-11D3-BF4B-00C04F79EFBC}") = "Practice", "Practice\Practice.csproj", "{4AE77C94-7D86-4ADB-8F85-30293A935E62}"
EndProject
Global
	GlobalSection(SolutionConfigurationPlatforms) = preSolution
		Debug|Any CPU = Debug|Any CPU
		Release|Any CPU = Release|Any CPU
	EndGlobalSection
	GlobalSection(ProjectConfigurationPlatforms) = postSolution
		{4AE77C94-7D86-4ADB-8F85-30293A935E62}.Debug|Any CPU.ActiveCfg = Debug|Any CPU
		{4AE77C94-7D86-4ADB-8F85-30293A935E62}.Debug|Any CPU.Build.0 = Debug|Any CPU
		{4AE77C94-7D86-4ADB-8F85-30293A935E62}.Release|Any CPU.ActiveCfg = Release|Any CPU
		{4AE77C94-7D86-4ADB-8F85-30293A935E62}.Release|Any CPU.Build.0 = Release|Any CPU
	EndGlobalSection
	GlobalSection(SolutionProperties) = preSolution
		HideSolutionNode = FALSE
	EndGlobalSection
	GlobalSection(ExtensibilityGlobals) = postSolution
		SolutionGuid = {D6063B7F-685C-4299-B155-ED385AA58A04}
	EndGlobalSection
EndGlobal
